// !$*UTF8*$!
{
	archiveVersion = 1;
	classes = {
	};
	objectVersion = 50;
	objects = {

/* Begin PBXBuildFile section */
		C46F92C62289D20900861B0E /* AppDelegate.swift in Sources */ = {isa = PBXBuildFile; fileRef = C46F92C52289D20900861B0E /* AppDelegate.swift */; };
		C46F92C82289D20900861B0E /* GameScene.sks in Resources */ = {isa = PBXBuildFile; fileRef = C46F92C72289D20900861B0E /* GameScene.sks */; };
		C46F92CA2289D20900861B0E /* Actions.sks in Resources */ = {isa = PBXBuildFile; fileRef = C46F92C92289D20900861B0E /* Actions.sks */; };
		C46F92CC2289D20900861B0E /* GameScene.swift in Sources */ = {isa = PBXBuildFile; fileRef = C46F92CB2289D20900861B0E /* GameScene.swift */; };
		C46F92CE2289D20900861B0E /* GameViewController.swift in Sources */ = {isa = PBXBuildFile; fileRef = C46F92CD2289D20900861B0E /* GameViewController.swift */; };
		C46F92D12289D20900861B0E /* Main.storyboard in Resources */ = {isa = PBXBuildFile; fileRef = C46F92CF2289D20900861B0E /* Main.storyboard */; };
		C46F92D32289D21400861B0E /* Assets.xcassets in Resources */ = {isa = PBXBuildFile; fileRef = C46F92D22289D21400861B0E /* Assets.xcassets */; };
		C46F92D62289D21400861B0E /* LaunchScreen.storyboard in Resources */ = {isa = PBXBuildFile; fileRef = C46F92D42289D21400861B0E /* LaunchScreen.storyboard */; };
		C4F6EB6A2289D5FF00480E47 /* pew.wav in Resources */ = {isa = PBXBuildFile; fileRef = C4F6EB692289D5FF00480E47 /* pew.wav */; };
		C4F6EB6C2289D60700480E47 /* gameMusic.mp3 in Resources */ = {isa = PBXBuildFile; fileRef = C4F6EB6B2289D60700480E47 /* gameMusic.mp3 */; };
		C4F6EB6E2289D60C00480E47 /* VectorMath.swift in Sources */ = {isa = PBXBuildFile; fileRef = C4F6EB6D2289D60C00480E47 /* VectorMath.swift */; };
/* End PBXBuildFile section */

/* Begin PBXFileReference section */
		C46F92C22289D20900861B0E /* ninja attack.app */ = {isa = PBXFileReference; explicitFileType = wrapper.application; includeInIndex = 0; path = "ninja attack.app"; sourceTree = BUILT_PRODUCTS_DIR; };
		C46F92C52289D20900861B0E /* AppDelegate.swift */ = {isa = PBXFileReference; lastKnownFileType = sourcecode.swift; path = AppDelegate.swift; sourceTree = "<group>"; };
		C46F92C72289D20900861B0E /* GameScene.sks */ = {isa = PBXFileReference; lastKnownFileType = file.sks; path = GameScene.sks; sourceTree = "<group>"; };
		C46F92C92289D20900861B0E /* Actions.sks */ = {isa = PBXFileReference; lastKnownFileType = file.sks; path = Actions.sks; sourceTree = "<group>"; };
		C46F92CB2289D20900861B0E /* GameScene.swift */ = {isa = PBXFileReference; lastKnownFileType = sourcecode.swift; path = GameScene.swift; sourceTree = "<group>"; };
		C46F92CD2289D20900861B0E /* GameViewController.swift */ = {isa = PBXFileReference; lastKnownFileType = sourcecode.swift; path = GameViewController.swift; sourceTree = "<group>"; };
		C46F92D02289D20900861B0E /* Base */ = {isa = PBXFileReference; lastKnownFileType = file.storyboard; name = Base; path = Base.lproj/Main.storyboard; sourceTree = "<group>"; };
		C46F92D22289D21400861B0E /* Assets.xcassets */ = {isa = PBXFileReference; lastKnownFileType = folder.assetcatalog; path = Assets.xcassets; sourceTree = "<group>"; };
		C46F92D52289D21400861B0E /* Base */ = {isa = PBXFileReference; lastKnownFileType = file.storyboard; name = Base; path = Base.lproj/LaunchScreen.storyboard; sourceTree = "<group>"; };
		C46F92D72289D21400861B0E /* Info.plist */ = {isa = PBXFileReference; lastKnownFileType = text.plist.xml; path = Info.plist; sourceTree = "<group>"; };
		C4F6EB692289D5FF00480E47 /* pew.wav */ = {isa = PBXFileReference; lastKnownFileType = audio.wav; path = pew.wav; sourceTree = "<group>"; };
		C4F6EB6B2289D60700480E47 /* gameMusic.mp3 */ = {isa = PBXFileReference; lastKnownFileType = audio.mp3; path = gameMusic.mp3; sourceTree = "<group>"; };
		C4F6EB6D2289D60C00480E47 /* VectorMath.swift */ = {isa = PBXFileReference; fileEncoding = 4; lastKnownFileType = sourcecode.swift; path = VectorMath.swift; sourceTree = "<group>"; };
/* End PBXFileReference section */

/* Begin PBXFrameworksBuildPhase section */
		C46F92BF2289D20900861B0E /* Frameworks */ = {
			isa = PBXFrameworksBuildPhase;
			buildActionMask = 2147483647;
			files = (
			);
			runOnlyForDeploymentPostprocessing = 0;
		};
/* End PBXFrameworksBuildPhase section */

/* Begin PBXGroup section */
		C46F92B92289D20900861B0E = {
			isa = PBXGroup;
			children = (
				C46F92C42289D20900861B0E /* ninja attack */,
				C46F92C32289D20900861B0E /* Products */,
			);
			sourceTree = "<group>";
		};
		C46F92C32289D20900861B0E /* Products */ = {
			isa = PBXGroup;
			children = (
				C46F92C22289D20900861B0E /* ninja attack.app */,
			);
			name = Products;
			sourceTree = "<group>";
		};
		C46F92C42289D20900861B0E /* ninja attack */ = {
			isa = PBXGroup;
			children = (
				C46F92C52289D20900861B0E /* AppDelegate.swift */,
				C46F92C72289D20900861B0E /* GameScene.sks */,
				C46F92C92289D20900861B0E /* Actions.sks */,
				C46F92CB2289D20900861B0E /* GameScene.swift */,
				C46F92CD2289D20900861B0E /* GameViewController.swift */,
				C46F92CF2289D20900861B0E /* Main.storyboard */,
				C46F92D22289D21400861B0E /* Assets.xcassets */,
				C46F92D42289D21400861B0E /* LaunchScreen.storyboard */,
				C46F92D72289D21400861B0E /* Info.plist */,
				C4F6EB692289D5FF00480E47 /* pew.wav */,
				C4F6EB6B2289D60700480E47 /* gameMusic.mp3 */,
				C4F6EB6D2289D60C00480E47 /* VectorMath.swift */,
			);
			path = "ninja attack";
			sourceTree = "<group>";
		};
/* End PBXGroup section */

/* Begin PBXNativeTarget section */
		C46F92C12289D20900861B0E /* ninja attack */ = {
			isa = PBXNativeTarget;
			buildConfigurationList = C46F92DA2289D21400861B0E /* Build configuration list for PBXNativeTarget "ninja attack" */;
			buildPhases = (
				C46F92BE2289D20900861B0E /* Sources */,
				C46F92BF2289D20900861B0E /* Frameworks */,
				C46F92C02289D20900861B0E /* Resources */,
			);
			buildRules = (
			);
			dependencies = (
			);
			name = "ninja attack";
			productName = "ninja attack";
			productReference = C46F92C22289D20900861B0E /* ninja attack.app */;
			productType = "com.apple.product-type.application";
		};
/* End PBXNativeTarget section */

/* Begin PBXProject section */
		C46F92BA2289D20900861B0E /* Project object */ = {
			isa = PBXProject;
			attributes = {
				LastSwiftUpdateCheck = 1020;
				LastUpgradeCheck = 1020;
				ORGANIZATIONNAME = "IMANOL MUNOZ";
				TargetAttributes = {
					C46F92C12289D20900861B0E = {
						CreatedOnToolsVersion = 10.2.1;
					};
				};
			};
			buildConfigurationList = C46F92BD2289D20900861B0E /* Build configuration list for PBXProject "ninja attack" */;
			compatibilityVersion = "Xcode 9.3";
			developmentRegion = en;
			hasScannedForEncodings = 0;
			knownRegions = (
				en,
				Base,
			);
			mainGroup = C46F92B92289D20900861B0E;
			productRefGroup = C46F92C32289D20900861B0E /* Products */;
			projectDirPath = "";
			projectRoot = "";
			targets = (
				C46F92C12289D20900861B0E /* ninja attack */,
			);
		};
/* End PBXProject section */

/* Begin PBXResourcesBuildPhase section */
		C46F92C02289D20900861B0E /* Resources */ = {
			isa = PBXResourcesBuildPhase;
			buildActionMask = 2147483647;
			files = (
				C46F92D12289D20900861B0E /* Main.storyboard in Resources */,
				C46F92C82289D20900861B0E /* GameScene.sks in Resources */,
				C46F92D32289D21400861B0E /* Assets.xcassets in Resources */,
				C4F6EB6A2289D5FF00480E47 /* pew.wav in Resources */,
				C4F6EB6C2289D60700480E47 /* gameMusic.mp3 in Resources */,
				C46F92D62289D21400861B0E /* LaunchScreen.storyboard in Resources */,
				C46F92CA2289D20900861B0E /* Actions.sks in Resources */,
			);
			runOnlyForDeploymentPostprocessing = 0;
		};
/* End PBXResourcesBuildPhase section */

/* Begin PBXSourcesBuildPhase section */
		C46F92BE2289D20900861B0E /* Sources */ = {
			isa = PBXSourcesBuildPhase;
			buildActionMask = 2147483647;
			files = (
				C4F6EB6E2289D60C00480E47 /* VectorMath.swift in Sources */,
				C46F92CC2289D20900861B0E /* GameScene.swift in Sources */,
				C46F92CE2289D20900861B0E /* GameViewController.swift in Sources */,
				C46F92C62289D20900861B0E /* AppDelegate.swift in Sources */,
			);
			runOnlyForDeploymentPostprocessing = 0;
		};
/* End PBXSourcesBuildPhase section */

/* Begin PBXVariantGroup section */
		C46F92CF2289D20900861B0E /* Main.storyboard */ = {
			isa = PBXVariantGroup;
			children = (
				C46F92D02289D20900861B0E /* Base */,
			);
			name = Main.storyboard;
			sourceTree = "<group>";
		};
		C46F92D42289D21400861B0E /* LaunchScreen.storyboard */ = {
			isa = PBXVariantGroup;
			children = (
				C46F92D52289D21400861B0E /* Base */,
			);
			name = LaunchScreen.storyboard;
			sourceTree = "<group>";
		};
/* End PBXVariantGroup section */

/* Begin XCBuildConfiguration section */
		C46F92D82289D21400861B0E /* Debug */ = {
			isa = XCBuildConfiguration;
			buildSettings = {
				ALWAYS_SEARCH_USER_PATHS = NO;
				CLANG_ANALYZER_NONNULL = YES;
				CLANG_ANALYZER_NUMBER_OBJECT_CONVERSION = YES_AGGRESSIVE;
				CLANG_CXX_LANGUAGE_STANDARD = "gnu++14";
				CLANG_CXX_LIBRARY = "libc++";
				CLANG_ENABLE_MODULES = YES;
				CLANG_ENABLE_OBJC_ARC = YES;
				CLANG_ENABLE_OBJC_WEAK = YES;
				CLANG_WARN_BLOCK_CAPTURE_AUTORELEASING = YES;
				CLANG_WARN_BOOL_CONVERSION = YES;
				CLANG_WARN_COMMA = YES;
				CLANG_WARN_CONSTANT_CONVERSION = YES;
				CLANG_WARN_DEPRECATED_OBJC_IMPLEMENTATIONS = YES;
				CLANG_WARN_DIRECT_OBJC_ISA_USAGE = YES_ERROR;
				CLANG_WARN_DOCUMENTATION_COMMENTS = YES;
				CLANG_WARN_EMPTY_BODY = YES;
				CLANG_WARN_ENUM_CONVERSION = YES;
				CLANG_WARN_INFINITE_RECURSION = YES;
				CLANG_WARN_INT_CONVERSION = YES;
				CLANG_WARN_NON_LITERAL_NULL_CONVERSION = YES;
				CLANG_WARN_OBJC_IMPLICIT_RETAIN_SELF = YES;
				CLANG_WARN_OBJC_LITERAL_CONVERSION = YES;
				CLANG_WARN_OBJC_ROOT_CLASS = YES_ERROR;
				CLANG_WARN_RANGE_LOOP_ANALYSIS = YES;
				CLANG_WARN_STRICT_PROTOTYPES = YES;
				CLANG_WARN_SUSPICIOUS_MOVE = YES;
				CLANG_WARN_UNGUARDED_AVAILABILITY = YES_AGGRESSIVE;
				CLANG_WARN_UNREACHABLE_CODE = YES;
				CLANG_WARN__DUPLICATE_METHOD_MATCH = YES;
				CODE_SIGN_IDENTITY = "iPhone Developer";
				COPY_PHASE_STRIP = NO;
				DEBUG_INFORMATION_FORMAT = dwarf;
				ENABLE_STRICT_OBJC_MSGSEND = YES;
				ENABLE_TESTABILITY = YES;
				GCC_C_LANGUAGE_STANDARD = gnu11;
				GCC_DYNAMIC_NO_PIC = NO;
				GCC_NO_COMMON_BLOCKS = YES;
				GCC_OPTIMIZATION_LEVEL = 0;
				GCC_PREPROCESSOR_DEFINITIONS = (
					"DEBUG=1",
					"$(inherited)",
				);
				GCC_WARN_64_TO_32_BIT_CONVERSION = YES;
				GCC_WARN_ABOUT_RETURN_TYPE = YES_ERROR;
				GCC_WARN_UNDECLARED_SELECTOR = YES;
				GCC_WARN_UNINITIALIZED_AUTOS = YES_AGGRESSIVE;
				GCC_WARN_UNUSED_FUNCTION = YES;
				GCC_WARN_UNUSED_VARIABLE = YES;
				IPHONEOS_DEPLOYMENT_TARGET = 12.2;
				MTL_ENABLE_DEBUG_INFO = INCLUDE_SOURCE;
				MTL_FAST_MATH = YES;
				ONLY_ACTIVE_ARCH = YES;
				SDKROOT = iphoneos;
				SWIFT_ACTIVE_COMPILATION_CONDITIONS = DEBUG;
				SWIFT_OPTIMIZATION_LEVEL = "-Onone";
			};
			name = Debug;
		};
		C46F92D92289D21400861B0E /* Release */ = {
			isa = XCBuildConfiguration;
			buildSettings = {
				ALWAYS_SEARCH_USER_PATHS = NO;
				CLANG_ANALYZER_NONNULL = YES;
				CLANG_ANALYZER_NUMBER_OBJECT_CONVERSION = YES_AGGRESSIVE;
				CLANG_CXX_LANGUAGE_STANDARD = "gnu++14";
				CLANG_CXX_LIBRARY = "libc++";
				CLANG_ENABLE_MODULES = YES;
				CLANG_ENABLE_OBJC_ARC = YES;
				CLANG_ENABLE_OBJC_WEAK = YES;
				CLANG_WARN_BLOCK_CAPTURE_AUTORELEASING = YES;
				CLANG_WARN_BOOL_CONVERSION = YES;
				CLANG_WARN_COMMA = YES;
				CLANG_WARN_CONSTANT_CONVERSION = YES;
				CLANG_WARN_DEPRECATED_OBJC_IMPLEMENTATIONS = YES;
				CLANG_WARN_DIRECT_OBJC_ISA_USAGE = YES_ERROR;
				CLANG_WARN_DOCUMENTATION_COMMENTS = YES;
				CLANG_WARN_EMPTY_BODY = YES;
				CLANG_WARN_ENUM_CONVERSION = YES;
				CLANG_WARN_INFINITE_RECURSION = YES;
				CLANG_WARN_INT_CONVERSION = YES;
				CLANG_WARN_NON_LITERAL_NULL_CONVERSION = YES;
				CLANG_WARN_OBJC_IMPLICIT_RETAIN_SELF = YES;
				CLANG_WARN_OBJC_LITERAL_CONVERSION = YES;
				CLANG_WARN_OBJC_ROOT_CLASS = YES_ERROR;
				CLANG_WARN_RANGE_LOOP_ANALYSIS = YES;
				CLANG_WARN_STRICT_PROTOTYPES = YES;
				CLANG_WARN_SUSPICIOUS_MOVE = YES;
				CLANG_WARN_UNGUARDED_AVAILABILITY = YES_AGGRESSIVE;
				CLANG_WARN_UNREACHABLE_CODE = YES;
				CLANG_WARN__DUPLICATE_METHOD_MATCH = YES;
				CODE_SIGN_IDENTITY = "iPhone Developer";
				COPY_PHASE_STRIP = NO;
				DEBUG_INFORMATION_FORMAT = "dwarf-with-dsym";
				ENABLE_NS_ASSERTIONS = NO;
				ENABLE_STRICT_OBJC_MSGSEND = YES;
				GCC_C_LANGUAGE_STANDARD = gnu11;
				GCC_NO_COMMON_BLOCKS = YES;
				GCC_WARN_64_TO_32_BIT_CONVERSION = YES;
				GCC_WARN_ABOUT_RETURN_TYPE = YES_ERROR;
				GCC_WARN_UNDECLARED_SELECTOR = YES;
				GCC_WARN_UNINITIALIZED_AUTOS = YES_AGGRESSIVE;
				GCC_WARN_UNUSED_FUNCTION = YES;
				GCC_WARN_UNUSED_VARIABLE = YES;
				IPHONEOS_DEPLOYMENT_TARGET = 12.2;
				MTL_ENABLE_DEBUG_INFO = NO;
				MTL_FAST_MATH = YES;
				SDKROOT = iphoneos;
				SWIFT_COMPILATION_MODE = wholemodule;
				SWIFT_OPTIMIZATION_LEVEL = "-O";
				VALIDATE_PRODUCT = YES;
			};
			name = Release;
		};
		C46F92DB2289D21400861B0E /* Debug */ = {
			isa = XCBuildConfiguration;
			buildSettings = {
				ASSETCATALOG_COMPILER_APPICON_NAME = AppIcon;
				CODE_SIGN_STYLE = Automatic;
				INFOPLIST_FILE = "ninja attack/Info.plist";
				LD_RUNPATH_SEARCH_PATHS = (
					"$(inherited)",
					"@executable_path/Frameworks",
				);
				PRODUCT_BUNDLE_IDENTIFIER = "org.116-rlas.ninja-attack";
				PRODUCT_NAME = "$(TARGET_NAME)";
				SWIFT_VERSION = 5.0;
				TARGETED_DEVICE_FAMILY = "1,2";
			};
			name = Debug;
		};
		C46F92DC2289D21400861B0E /* Release */ = {
			isa = XCBuildConfiguration;
			buildSettings = {
				ASSETCATALOG_COMPILER_APPICON_NAME = AppIcon;
				CODE_SIGN_STYLE = Automatic;
				INFOPLIST_FILE = "ninja attack/Info.plist";
				LD_RUNPATH_SEARCH_PATHS = (
					"$(inherited)",
					"@executable_path/Frameworks",
				);
				PRODUCT_BUNDLE_IDENTIFIER = "org.116-rlas.ninja-attack";
				PRODUCT_NAME = "$(TARGET_NAME)";
				SWIFT_VERSION = 5.0;
				TARGETED_DEVICE_FAMILY = "1,2";
			};
			name = Release;
		};
/* End XCBuildConfiguration section */

/* Begin XCConfigurationList section */
		C46F92BD2289D20900861B0E /* Build configuration list for PBXProject "ninja attack" */ = {
			isa = XCConfigurationList;
			buildConfigurations = (
				C46F92D82289D21400861B0E /* Debug */,
				C46F92D92289D21400861B0E /* Release */,
			);
			defaultConfigurationIsVisible = 0;
			defaultConfigurationName = Release;
		};
		C46F92DA2289D21400861B0E /* Build configuration list for PBXNativeTarget "ninja attack" */ = {
			isa = XCConfigurationList;
			buildConfigurations = (
				C46F92DB2289D21400861B0E /* Debug */,
				C46F92DC2289D21400861B0E /* Release */,
			);
			defaultConfigurationIsVisible = 0;
			defaultConfigurationName = Release;
		};
/* End XCConfigurationList section */
	};
	rootObject = C46F92BA2289D20900861B0E /* Project object */;
}
